
Microsoft Visual Studio Solution File, Format Version 12.00
# Visual Studio Version 17
VisualStudioVersion = 17.0.31903.59
MinimumVisualStudioVersion = 10.0.40219.1
Project("{FAE04EC0-301F-11D3-BF4B-00C04F79EFBC}") = "SchoolsLeague", "SchoolsLeague.csproj", "{03D225F5-3A82-4754-8CD1-543FC816E571}"
EndProject
Project("{FAE04EC0-301F-11D3-BF4B-00C04F79EFBC}") = "SchoolsLeague.Tests", "SchoolsLeague.Tests\SchoolsLeague.Tests.csproj", "{68AB8B5A-5CE7-4873-B40B-0DD75F5882F0}"
EndProject
Global
	GlobalSection(SolutionConfigurationPlatforms) = preSolution
		Debug|Any CPU = Debug|Any CPU
		Release|Any CPU = Release|Any CPU
	EndGlobalSection
	GlobalSection(SolutionProperties) = preSolution
		HideSolutionNode = FALSE
	EndGlobalSection
	GlobalSection(ProjectConfigurationPlatforms) = postSolution
		{03D225F5-3A82-4754-8CD1-543FC816E571}.Debug|Any CPU.ActiveCfg = Debug|Any CPU
		{03D225F5-3A82-4754-8CD1-543FC816E571}.Debug|Any CPU.Build.0 = Debug|Any CPU
		{03D225F5-3A82-4754-8CD1-543FC816E571}.Release|Any CPU.ActiveCfg = Release|Any CPU
		{03D225F5-3A82-4754-8CD1-543FC816E571}.Release|Any CPU.Build.0 = Release|Any CPU
		{68AB8B5A-5CE7-4873-B40B-0DD75F5882F0}.Debug|Any CPU.ActiveCfg = Debug|Any CPU
		{68AB8B5A-5CE7-4873-B40B-0DD75F5882F0}.Debug|Any CPU.Build.0 = Debug|Any CPU
		{68AB8B5A-5CE7-4873-B40B-0DD75F5882F0}.Release|Any CPU.ActiveCfg = Release|Any CPU
		{68AB8B5A-5CE7-4873-B40B-0DD75F5882F0}.Release|Any CPU.Build.0 = Release|Any CPU
	EndGlobalSection
EndGlobal
